// !$*UTF8*$!
{
	archiveVersion = 1;
	classes = {
	};
	objectVersion = 50;
	objects = {

/* Begin PBXBuildFile section */
		6A6C190D224C4A2C009F4F49 /* AppDelegate.m in Sources */ = {isa = PBXBuildFile; fileRef = 6A6C190C224C4A2C009F4F49 /* AppDelegate.m */; };
		6A6C1910224C4A2C009F4F49 /* ViewController.m in Sources */ = {isa = PBXBuildFile; fileRef = 6A6C190F224C4A2C009F4F49 /* ViewController.m */; };
		6A6C1913224C4A2D009F4F49 /* Main.storyboard in Resources */ = {isa = PBXBuildFile; fileRef = 6A6C1911224C4A2D009F4F49 /* Main.storyboard */; };
		6A6C1915224C4A2E009F4F49 /* Assets.xcassets in Resources */ = {isa = PBXBuildFile; fileRef = 6A6C1914224C4A2E009F4F49 /* Assets.xcassets */; };
		6A6C1918224C4A2E009F4F49 /* LaunchScreen.storyboard in Resources */ = {isa = PBXBuildFile; fileRef = 6A6C1916224C4A2E009F4F49 /* LaunchScreen.storyboard */; };
		6A6C191B224C4A2E009F4F49 /* main.m in Sources */ = {isa = PBXBuildFile; fileRef = 6A6C191A224C4A2E009F4F49 /* main.m */; };
		6A6C1925224C4A2F009F4F49 /* MelbourneCityGuideAppTests.m in Sources */ = {isa = PBXBuildFile; fileRef = 6A6C1924224C4A2F009F4F49 /* MelbourneCityGuideAppTests.m */; };
		6A6C1930224C4A2F009F4F49 /* MelbourneCityGuideAppUITests.m in Sources */ = {isa = PBXBuildFile; fileRef = 6A6C192F224C4A2F009F4F49 /* MelbourneCityGuideAppUITests.m */; };
		6A6F16F12281D39C00A5574B /* PlacesTableViewController.m in Sources */ = {isa = PBXBuildFile; fileRef = 6A6F16F02281D39C00A5574B /* PlacesTableViewController.m */; };
		6A6F16F42281D3CF00A5574B /* PlacesTableViewCell.m in Sources */ = {isa = PBXBuildFile; fileRef = 6A6F16F32281D3CF00A5574B /* PlacesTableViewCell.m */; };
		6A6F16F62281D99800A5574B /* MelbourneBestPlaces.plist in Resources */ = {isa = PBXBuildFile; fileRef = 6A6F16F52281D99800A5574B /* MelbourneBestPlaces.plist */; };
		6A6F16F92281E4A900A5574B /* DetailsViewController.m in Sources */ = {isa = PBXBuildFile; fileRef = 6A6F16F82281E4A900A5574B /* DetailsViewController.m */; };
		6A889CD922828EAA0063BB2F /* MapKit.framework in Frameworks */ = {isa = PBXBuildFile; fileRef = 6A889CD822828EAA0063BB2F /* MapKit.framework */; };
/* End PBXBuildFile section */

/* Begin PBXContainerItemProxy section */
		6A6C1921224C4A2F009F4F49 /* PBXContainerItemProxy */ = {
			isa = PBXContainerItemProxy;
			containerPortal = 6A6C1900224C4A2C009F4F49 /* Project object */;
			proxyType = 1;
			remoteGlobalIDString = 6A6C1907224C4A2C009F4F49;
			remoteInfo = MelbourneCityGuideApp;
		};
		6A6C192C224C4A2F009F4F49 /* PBXContainerItemProxy */ = {
			isa = PBXContainerItemProxy;
			containerPortal = 6A6C1900224C4A2C009F4F49 /* Project object */;
			proxyType = 1;
			remoteGlobalIDString = 6A6C1907224C4A2C009F4F49;
			remoteInfo = MelbourneCityGuideApp;
		};
/* End PBXContainerItemProxy section */

/* Begin PBXFileReference section */
		6A6C1908224C4A2C009F4F49 /* MelbourneCityGuideApp.app */ = {isa = PBXFileReference; explicitFileType = wrapper.application; includeInIndex = 0; path = MelbourneCityGuideApp.app; sourceTree = BUILT_PRODUCTS_DIR; };
		6A6C190B224C4A2C009F4F49 /* AppDelegate.h */ = {isa = PBXFileReference; lastKnownFileType = sourcecode.c.h; path = AppDelegate.h; sourceTree = "<group>"; };
		6A6C190C224C4A2C009F4F49 /* AppDelegate.m */ = {isa = PBXFileReference; lastKnownFileType = sourcecode.c.objc; path = AppDelegate.m; sourceTree = "<group>"; };
		6A6C190E224C4A2C009F4F49 /* ViewController.h */ = {isa = PBXFileReference; lastKnownFileType = sourcecode.c.h; path = ViewController.h; sourceTree = "<group>"; };
		6A6C190F224C4A2C009F4F49 /* ViewController.m */ = {isa = PBXFileReference; lastKnownFileType = sourcecode.c.objc; path = ViewController.m; sourceTree = "<group>"; };
		6A6C1912224C4A2D009F4F49 /* Base */ = {isa = PBXFileReference; lastKnownFileType = file.storyboard; name = Base; path = Base.lproj/Main.storyboard; sourceTree = "<group>"; };
		6A6C1914224C4A2E009F4F49 /* Assets.xcassets */ = {isa = PBXFileReference; lastKnownFileType = folder.assetcatalog; path = Assets.xcassets; sourceTree = "<group>"; };
		6A6C1917224C4A2E009F4F49 /* Base */ = {isa = PBXFileReference; lastKnownFileType = file.storyboard; name = Base; path = Base.lproj/LaunchScreen.storyboard; sourceTree = "<group>"; };
		6A6C1919224C4A2E009F4F49 /* Info.plist */ = {isa = PBXFileReference; lastKnownFileType = text.plist.xml; path = Info.plist; sourceTree = "<group>"; };
		6A6C191A224C4A2E009F4F49 /* main.m */ = {isa = PBXFileReference; lastKnownFileType = sourcecode.c.objc; path = main.m; sourceTree = "<group>"; };
		6A6C1920224C4A2F009F4F49 /* MelbourneCityGuideAppTests.xctest */ = {isa = PBXFileReference; explicitFileType = wrapper.cfbundle; includeInIndex = 0; path = MelbourneCityGuideAppTests.xctest; sourceTree = BUILT_PRODUCTS_DIR; };
		6A6C1924224C4A2F009F4F49 /* MelbourneCityGuideAppTests.m */ = {isa = PBXFileReference; lastKnownFileType = sourcecode.c.objc; path = MelbourneCityGuideAppTests.m; sourceTree = "<group>"; };
		6A6C1926224C4A2F009F4F49 /* Info.plist */ = {isa = PBXFileReference; lastKnownFileType = text.plist.xml; path = Info.plist; sourceTree = "<group>"; };
		6A6C192B224C4A2F009F4F49 /* MelbourneCityGuideAppUITests.xctest */ = {isa = PBXFileReference; explicitFileType = wrapper.cfbundle; includeInIndex = 0; path = MelbourneCityGuideAppUITests.xctest; sourceTree = BUILT_PRODUCTS_DIR; };
		6A6C192F224C4A2F009F4F49 /* MelbourneCityGuideAppUITests.m */ = {isa = PBXFileReference; lastKnownFileType = sourcecode.c.objc; path = MelbourneCityGuideAppUITests.m; sourceTree = "<group>"; };
		6A6C1931224C4A2F009F4F49 /* Info.plist */ = {isa = PBXFileReference; lastKnownFileType = text.plist.xml; path = Info.plist; sourceTree = "<group>"; };
		6A6F16EF2281D39C00A5574B /* PlacesTableViewController.h */ = {isa = PBXFileReference; lastKnownFileType = sourcecode.c.h; path = PlacesTableViewController.h; sourceTree = "<group>"; };
		6A6F16F02281D39C00A5574B /* PlacesTableViewController.m */ = {isa = PBXFileReference; lastKnownFileType = sourcecode.c.objc; path = PlacesTableViewController.m; sourceTree = "<group>"; };
		6A6F16F22281D3CF00A5574B /* PlacesTableViewCell.h */ = {isa = PBXFileReference; lastKnownFileType = sourcecode.c.h; path = PlacesTableViewCell.h; sourceTree = "<group>"; };
		6A6F16F32281D3CF00A5574B /* PlacesTableViewCell.m */ = {isa = PBXFileReference; lastKnownFileType = sourcecode.c.objc; path = PlacesTableViewCell.m; sourceTree = "<group>"; };
		6A6F16F52281D99800A5574B /* MelbourneBestPlaces.plist */ = {isa = PBXFileReference; lastKnownFileType = text.plist.xml; path = MelbourneBestPlaces.plist; sourceTree = "<group>"; };
		6A6F16F72281E4A900A5574B /* DetailsViewController.h */ = {isa = PBXFileReference; lastKnownFileType = sourcecode.c.h; path = DetailsViewController.h; sourceTree = "<group>"; };
		6A6F16F82281E4A900A5574B /* DetailsViewController.m */ = {isa = PBXFileReference; lastKnownFileType = sourcecode.c.objc; path = DetailsViewController.m; sourceTree = "<group>"; };
		6A889CD822828EAA0063BB2F /* MapKit.framework */ = {isa = PBXFileReference; lastKnownFileType = wrapper.framework; name = MapKit.framework; path = System/Library/Frameworks/MapKit.framework; sourceTree = SDKROOT; };
/* End PBXFileReference section */

/* Begin PBXFrameworksBuildPhase section */
		6A6C1905224C4A2C009F4F49 /* Frameworks */ = {
			isa = PBXFrameworksBuildPhase;
			buildActionMask = 2147483647;
			files = (
				6A889CD922828EAA0063BB2F /* MapKit.framework in Frameworks */,
			);
			runOnlyForDeploymentPostprocessing = 0;
		};
		6A6C191D224C4A2F009F4F49 /* Frameworks */ = {
			isa = PBXFrameworksBuildPhase;
			buildActionMask = 2147483647;
			files = (
			);
			runOnlyForDeploymentPostprocessing = 0;
		};
		6A6C1928224C4A2F009F4F49 /* Frameworks */ = {
			isa = PBXFrameworksBuildPhase;
			buildActionMask = 2147483647;
			files = (
			);
			runOnlyForDeploymentPostprocessing = 0;
		};
/* End PBXFrameworksBuildPhase section */

/* Begin PBXGroup section */
		6A6C18FF224C4A2C009F4F49 = {
			isa = PBXGroup;
			children = (
				6A6C190A224C4A2C009F4F49 /* MelbourneCityGuideApp */,
				6A6C1923224C4A2F009F4F49 /* MelbourneCityGuideAppTests */,
				6A6C192E224C4A2F009F4F49 /* MelbourneCityGuideAppUITests */,
				6A6C1909224C4A2C009F4F49 /* Products */,
				6A889CD722828EA40063BB2F /* Frameworks */,
			);
			sourceTree = "<group>";
		};
		6A6C1909224C4A2C009F4F49 /* Products */ = {
			isa = PBXGroup;
			children = (
				6A6C1908224C4A2C009F4F49 /* MelbourneCityGuideApp.app */,
				6A6C1920224C4A2F009F4F49 /* MelbourneCityGuideAppTests.xctest */,
				6A6C192B224C4A2F009F4F49 /* MelbourneCityGuideAppUITests.xctest */,
			);
			name = Products;
			sourceTree = "<group>";
		};
		6A6C190A224C4A2C009F4F49 /* MelbourneCityGuideApp */ = {
			isa = PBXGroup;
			children = (
				6A6F16EE2281D36D00A5574B /* Places */,
				6A6C190B224C4A2C009F4F49 /* AppDelegate.h */,
				6A6C190C224C4A2C009F4F49 /* AppDelegate.m */,
				6A6C190E224C4A2C009F4F49 /* ViewController.h */,
				6A6C190F224C4A2C009F4F49 /* ViewController.m */,
				6A6C1911224C4A2D009F4F49 /* Main.storyboard */,
				6A6C1914224C4A2E009F4F49 /* Assets.xcassets */,
				6A6C1916224C4A2E009F4F49 /* LaunchScreen.storyboard */,
				6A6C1919224C4A2E009F4F49 /* Info.plist */,
				6A6C191A224C4A2E009F4F49 /* main.m */,
				6A6F16F52281D99800A5574B /* MelbourneBestPlaces.plist */,
			);
			path = MelbourneCityGuideApp;
			sourceTree = "<group>";
		};
		6A6C1923224C4A2F009F4F49 /* MelbourneCityGuideAppTests */ = {
			isa = PBXGroup;
			children = (
				6A6C1924224C4A2F009F4F49 /* MelbourneCityGuideAppTests.m */,
				6A6C1926224C4A2F009F4F49 /* Info.plist */,
			);
			path = MelbourneCityGuideAppTests;
			sourceTree = "<group>";
		};
		6A6C192E224C4A2F009F4F49 /* MelbourneCityGuideAppUITests */ = {
			isa = PBXGroup;
			children = (
				6A6C192F224C4A2F009F4F49 /* MelbourneCityGuideAppUITests.m */,
				6A6C1931224C4A2F009F4F49 /* Info.plist */,
			);
			path = MelbourneCityGuideAppUITests;
			sourceTree = "<group>";
		};
		6A6F16EE2281D36D00A5574B /* Places */ = {
			isa = PBXGroup;
			children = (
				6A6F16EF2281D39C00A5574B /* PlacesTableViewController.h */,
				6A6F16F02281D39C00A5574B /* PlacesTableViewController.m */,
				6A6F16F22281D3CF00A5574B /* PlacesTableViewCell.h */,
				6A6F16F32281D3CF00A5574B /* PlacesTableViewCell.m */,
				6A6F16F72281E4A900A5574B /* DetailsViewController.h */,
				6A6F16F82281E4A900A5574B /* DetailsViewController.m */,
			);
			path = Places;
			sourceTree = "<group>";
		};
		6A889CD722828EA40063BB2F /* Frameworks */ = {
			isa = PBXGroup;
			children = (
				6A889CD822828EAA0063BB2F /* MapKit.framework */,
			);
			name = Frameworks;
			sourceTree = "<group>";
		};
/* End PBXGroup section */

/* Begin PBXNativeTarget section */
		6A6C1907224C4A2C009F4F49 /* MelbourneCityGuideApp */ = {
			isa = PBXNativeTarget;
			buildConfigurationList = 6A6C1934224C4A2F009F4F49 /* Build configuration list for PBXNativeTarget "MelbourneCityGuideApp" */;
			buildPhases = (
				6A6C1904224C4A2C009F4F49 /* Sources */,
				6A6C1905224C4A2C009F4F49 /* Frameworks */,
				6A6C1906224C4A2C009F4F49 /* Resources */,
			);
			buildRules = (
			);
			dependencies = (
			);
			name = MelbourneCityGuideApp;
			productName = MelbourneCityGuideApp;
			productReference = 6A6C1908224C4A2C009F4F49 /* MelbourneCityGuideApp.app */;
			productType = "com.apple.product-type.application";
		};
		6A6C191F224C4A2F009F4F49 /* MelbourneCityGuideAppTests */ = {
			isa = PBXNativeTarget;
			buildConfigurationList = 6A6C1937224C4A2F009F4F49 /* Build configuration list for PBXNativeTarget "MelbourneCityGuideAppTests" */;
			buildPhases = (
				6A6C191C224C4A2F009F4F49 /* Sources */,
				6A6C191D224C4A2F009F4F49 /* Frameworks */,
				6A6C191E224C4A2F009F4F49 /* Resources */,
			);
			buildRules = (
			);
			dependencies = (
				6A6C1922224C4A2F009F4F49 /* PBXTargetDependency */,
			);
			name = MelbourneCityGuideAppTests;
			productName = MelbourneCityGuideAppTests;
			productReference = 6A6C1920224C4A2F009F4F49 /* MelbourneCityGuideAppTests.xctest */;
			productType = "com.apple.product-type.bundle.unit-test";
		};
		6A6C192A224C4A2F009F4F49 /* MelbourneCityGuideAppUITests */ = {
			isa = PBXNativeTarget;
			buildConfigurationList = 6A6C193A224C4A2F009F4F49 /* Build configuration list for PBXNativeTarget "MelbourneCityGuideAppUITests" */;
			buildPhases = (
				6A6C1927224C4A2F009F4F49 /* Sources */,
				6A6C1928224C4A2F009F4F49 /* Frameworks */,
				6A6C1929224C4A2F009F4F49 /* Resources */,
			);
			buildRules = (
			);
			dependencies = (
				6A6C192D224C4A2F009F4F49 /* PBXTargetDependency */,
			);
			name = MelbourneCityGuideAppUITests;
			productName = MelbourneCityGuideAppUITests;
			productReference = 6A6C192B224C4A2F009F4F49 /* MelbourneCityGuideAppUITests.xctest */;
			productType = "com.apple.product-type.bundle.ui-testing";
		};
/* End PBXNativeTarget section */

/* Begin PBXProject section */
		6A6C1900224C4A2C009F4F49 /* Project object */ = {
			isa = PBXProject;
			attributes = {
				LastUpgradeCheck = 1010;
				ORGANIZATIONNAME = MacOnHelios300;
				TargetAttributes = {
					6A6C1907224C4A2C009F4F49 = {
						CreatedOnToolsVersion = 10.1;
					};
					6A6C191F224C4A2F009F4F49 = {
						CreatedOnToolsVersion = 10.1;
						TestTargetID = 6A6C1907224C4A2C009F4F49;
					};
					6A6C192A224C4A2F009F4F49 = {
						CreatedOnToolsVersion = 10.1;
						TestTargetID = 6A6C1907224C4A2C009F4F49;
					};
				};
			};
			buildConfigurationList = 6A6C1903224C4A2C009F4F49 /* Build configuration list for PBXProject "MelbourneCityGuideApp" */;
			compatibilityVersion = "Xcode 9.3";
			developmentRegion = en;
			hasScannedForEncodings = 0;
			knownRegions = (
				en,
				Base,
			);
			mainGroup = 6A6C18FF224C4A2C009F4F49;
			productRefGroup = 6A6C1909224C4A2C009F4F49 /* Products */;
			projectDirPath = "";
			projectRoot = "";
			targets = (
				6A6C1907224C4A2C009F4F49 /* MelbourneCityGuideApp */,
				6A6C191F224C4A2F009F4F49 /* MelbourneCityGuideAppTests */,
				6A6C192A224C4A2F009F4F49 /* MelbourneCityGuideAppUITests */,
			);
		};
/* End PBXProject section */

/* Begin PBXResourcesBuildPhase section */
		6A6C1906224C4A2C009F4F49 /* Resources */ = {
			isa = PBXResourcesBuildPhase;
			buildActionMask = 2147483647;
			files = (
				6A6C1918224C4A2E009F4F49 /* LaunchScreen.storyboard in Resources */,
				6A6C1915224C4A2E009F4F49 /* Assets.xcassets in Resources */,
				6A6F16F62281D99800A5574B /* MelbourneBestPlaces.plist in Resources */,
				6A6C1913224C4A2D009F4F49 /* Main.storyboard in Resources */,
			);
			runOnlyForDeploymentPostprocessing = 0;
		};
		6A6C191E224C4A2F009F4F49 /* Resources */ = {
			isa = PBXResourcesBuildPhase;
			buildActionMask = 2147483647;
			files = (
			);
			runOnlyForDeploymentPostprocessing = 0;
		};
		6A6C1929224C4A2F009F4F49 /* Resources */ = {
			isa = PBXResourcesBuildPhase;
			buildActionMask = 2147483647;
			files = (
			);
			runOnlyForDeploymentPostprocessing = 0;
		};
/* End PBXResourcesBuildPhase section */

/* Begin PBXSourcesBuildPhase section */
		6A6C1904224C4A2C009F4F49 /* Sources */ = {
			isa = PBXSourcesBuildPhase;
			buildActionMask = 2147483647;
			files = (
				6A6C1910224C4A2C009F4F49 /* ViewController.m in Sources */,
				6A6F16F12281D39C00A5574B /* PlacesTableViewController.m in Sources */,
				6A6F16F42281D3CF00A5574B /* PlacesTableViewCell.m in Sources */,
				6A6F16F92281E4A900A5574B /* DetailsViewController.m in Sources */,
				6A6C191B224C4A2E009F4F49 /* main.m in Sources */,
				6A6C190D224C4A2C009F4F49 /* AppDelegate.m in Sources */,
			);
			runOnlyForDeploymentPostprocessing = 0;
		};
		6A6C191C224C4A2F009F4F49 /* Sources */ = {
			isa = PBXSourcesBuildPhase;
			buildActionMask = 2147483647;
			files = (
				6A6C1925224C4A2F009F4F49 /* MelbourneCityGuideAppTests.m in Sources */,
			);
			runOnlyForDeploymentPostprocessing = 0;
		};
		6A6C1927224C4A2F009F4F49 /* Sources */ = {
			isa = PBXSourcesBuildPhase;
			buildActionMask = 2147483647;
			files = (
				6A6C1930224C4A2F009F4F49 /* MelbourneCityGuideAppUITests.m in Sources */,
			);
			runOnlyForDeploymentPostprocessing = 0;
		};
/* End PBXSourcesBuildPhase section */

/* Begin PBXTargetDependency section */
		6A6C1922224C4A2F009F4F49 /* PBXTargetDependency */ = {
			isa = PBXTargetDependency;
			target = 6A6C1907224C4A2C009F4F49 /* MelbourneCityGuideApp */;
			targetProxy = 6A6C1921224C4A2F009F4F49 /* PBXContainerItemProxy */;
		};
		6A6C192D224C4A2F009F4F49 /* PBXTargetDependency */ = {
			isa = PBXTargetDependency;
			target = 6A6C1907224C4A2C009F4F49 /* MelbourneCityGuideApp */;
			targetProxy = 6A6C192C224C4A2F009F4F49 /* PBXContainerItemProxy */;
		};
/* End PBXTargetDependency section */

/* Begin PBXVariantGroup section */
		6A6C1911224C4A2D009F4F49 /* Main.storyboard */ = {
			isa = PBXVariantGroup;
			children = (
				6A6C1912224C4A2D009F4F49 /* Base */,
			);
			name = Main.storyboard;
			sourceTree = "<group>";
		};
		6A6C1916224C4A2E009F4F49 /* LaunchScreen.storyboard */ = {
			isa = PBXVariantGroup;
			children = (
				6A6C1917224C4A2E009F4F49 /* Base */,
			);
			name = LaunchScreen.storyboard;
			sourceTree = "<group>";
		};
/* End PBXVariantGroup section */

/* Begin XCBuildConfiguration section */
		6A6C1932224C4A2F009F4F49 /* Debug */ = {
			isa = XCBuildConfiguration;
			buildSettings = {
				ALWAYS_SEARCH_USER_PATHS = NO;
				CLANG_ANALYZER_NONNULL = YES;
				CLANG_ANALYZER_NUMBER_OBJECT_CONVERSION = YES_AGGRESSIVE;
				CLANG_CXX_LANGUAGE_STANDARD = "gnu++14";
				CLANG_CXX_LIBRARY = "libc++";
				CLANG_ENABLE_MODULES = YES;
				CLANG_ENABLE_OBJC_ARC = YES;
				CLANG_ENABLE_OBJC_WEAK = YES;
				CLANG_WARN_BLOCK_CAPTURE_AUTORELEASING = YES;
				CLANG_WARN_BOOL_CONVERSION = YES;
				CLANG_WARN_COMMA = YES;
				CLANG_WARN_CONSTANT_CONVERSION = YES;
				CLANG_WARN_DEPRECATED_OBJC_IMPLEMENTATIONS = YES;
				CLANG_WARN_DIRECT_OBJC_ISA_USAGE = YES_ERROR;
				CLANG_WARN_DOCUMENTATION_COMMENTS = YES;
				CLANG_WARN_EMPTY_BODY = YES;
				CLANG_WARN_ENUM_CONVERSION = YES;
				CLANG_WARN_INFINITE_RECURSION = YES;
				CLANG_WARN_INT_CONVERSION = YES;
				CLANG_WARN_NON_LITERAL_NULL_CONVERSION = YES;
				CLANG_WARN_OBJC_IMPLICIT_RETAIN_SELF = YES;
				CLANG_WARN_OBJC_LITERAL_CONVERSION = YES;
				CLANG_WARN_OBJC_ROOT_CLASS = YES_ERROR;
				CLANG_WARN_RANGE_LOOP_ANALYSIS = YES;
				CLANG_WARN_STRICT_PROTOTYPES = YES;
				CLANG_WARN_SUSPICIOUS_MOVE = YES;
				CLANG_WARN_UNGUARDED_AVAILABILITY = YES_AGGRESSIVE;
				CLANG_WARN_UNREACHABLE_CODE = YES;
				CLANG_WARN__DUPLICATE_METHOD_MATCH = YES;
				CODE_SIGN_IDENTITY = "iPhone Developer";
				COPY_PHASE_STRIP = NO;
				DEBUG_INFORMATION_FORMAT = dwarf;
				ENABLE_STRICT_OBJC_MSGSEND = YES;
				ENABLE_TESTABILITY = YES;
				GCC_C_LANGUAGE_STANDARD = gnu11;
				GCC_DYNAMIC_NO_PIC = NO;
				GCC_NO_COMMON_BLOCKS = YES;
				GCC_OPTIMIZATION_LEVEL = 0;
				GCC_PREPROCESSOR_DEFINITIONS = (
					"DEBUG=1",
					"$(inherited)",
				);
				GCC_WARN_64_TO_32_BIT_CONVERSION = YES;
				GCC_WARN_ABOUT_RETURN_TYPE = YES_ERROR;
				GCC_WARN_UNDECLARED_SELECTOR = YES;
				GCC_WARN_UNINITIALIZED_AUTOS = YES_AGGRESSIVE;
				GCC_WARN_UNUSED_FUNCTION = YES;
				GCC_WARN_UNUSED_VARIABLE = YES;
				IPHONEOS_DEPLOYMENT_TARGET = 12.1;
				MTL_ENABLE_DEBUG_INFO = INCLUDE_SOURCE;
				MTL_FAST_MATH = YES;
				ONLY_ACTIVE_ARCH = YES;
				SDKROOT = iphoneos;
			};
			name = Debug;
		};
		6A6C1933224C4A2F009F4F49 /* Release */ = {
			isa = XCBuildConfiguration;
			buildSettings = {
				ALWAYS_SEARCH_USER_PATHS = NO;
				CLANG_ANALYZER_NONNULL = YES;
				CLANG_ANALYZER_NUMBER_OBJECT_CONVERSION = YES_AGGRESSIVE;
				CLANG_CXX_LANGUAGE_STANDARD = "gnu++14";
				CLANG_CXX_LIBRARY = "libc++";
				CLANG_ENABLE_MODULES = YES;
				CLANG_ENABLE_OBJC_ARC = YES;
				CLANG_ENABLE_OBJC_WEAK = YES;
				CLANG_WARN_BLOCK_CAPTURE_AUTORELEASING = YES;
				CLANG_WARN_BOOL_CONVERSION = YES;
				CLANG_WARN_COMMA = YES;
				CLANG_WARN_CONSTANT_CONVERSION = YES;
				CLANG_WARN_DEPRECATED_OBJC_IMPLEMENTATIONS = YES;
				CLANG_WARN_DIRECT_OBJC_ISA_USAGE = YES_ERROR;
				CLANG_WARN_DOCUMENTATION_COMMENTS = YES;
				CLANG_WARN_EMPTY_BODY = YES;
				CLANG_WARN_ENUM_CONVERSION = YES;
				CLANG_WARN_INFINITE_RECURSION = YES;
				CLANG_WARN_INT_CONVERSION = YES;
				CLANG_WARN_NON_LITERAL_NULL_CONVERSION = YES;
				CLANG_WARN_OBJC_IMPLICIT_RETAIN_SELF = YES;
				CLANG_WARN_OBJC_LITERAL_CONVERSION = YES;
				CLANG_WARN_OBJC_ROOT_CLASS = YES_ERROR;
				CLANG_WARN_RANGE_LOOP_ANALYSIS = YES;
				CLANG_WARN_STRICT_PROTOTYPES = YES;
				CLANG_WARN_SUSPICIOUS_MOVE = YES;
				CLANG_WARN_UNGUARDED_AVAILABILITY = YES_AGGRESSIVE;
				CLANG_WARN_UNREACHABLE_CODE = YES;
				CLANG_WARN__DUPLICATE_METHOD_MATCH = YES;
				CODE_SIGN_IDENTITY = "iPhone Developer";
				COPY_PHASE_STRIP = NO;
				DEBUG_INFORMATION_FORMAT = "dwarf-with-dsym";
				ENABLE_NS_ASSERTIONS = NO;
				ENABLE_STRICT_OBJC_MSGSEND = YES;
				GCC_C_LANGUAGE_STANDARD = gnu11;
				GCC_NO_COMMON_BLOCKS = YES;
				GCC_WARN_64_TO_32_BIT_CONVERSION = YES;
				GCC_WARN_ABOUT_RETURN_TYPE = YES_ERROR;
				GCC_WARN_UNDECLARED_SELECTOR = YES;
				GCC_WARN_UNINITIALIZED_AUTOS = YES_AGGRESSIVE;
				GCC_WARN_UNUSED_FUNCTION = YES;
				GCC_WARN_UNUSED_VARIABLE = YES;
				IPHONEOS_DEPLOYMENT_TARGET = 12.1;
				MTL_ENABLE_DEBUG_INFO = NO;
				MTL_FAST_MATH = YES;
				SDKROOT = iphoneos;
				VALIDATE_PRODUCT = YES;
			};
			name = Release;
		};
		6A6C1935224C4A2F009F4F49 /* Debug */ = {
			isa = XCBuildConfiguration;
			buildSettings = {
				ASSETCATALOG_COMPILER_APPICON_NAME = AppIcon;
				CODE_SIGN_STYLE = Automatic;
				DEVELOPMENT_TEAM = 7HYBU4PSVM;
				INFOPLIST_FILE = MelbourneCityGuideApp/Info.plist;
				LD_RUNPATH_SEARCH_PATHS = (
					"$(inherited)",
					"@executable_path/Frameworks",
				);
				PRODUCT_BUNDLE_IDENTIFIER = AIT6422.MelbourneCityGuideApp;
				PRODUCT_NAME = "$(TARGET_NAME)";
				TARGETED_DEVICE_FAMILY = "1,2";
			};
			name = Debug;
		};
		6A6C1936224C4A2F009F4F49 /* Release */ = {
			isa = XCBuildConfiguration;
			buildSettings = {
				ASSETCATALOG_COMPILER_APPICON_NAME = AppIcon;
				CODE_SIGN_STYLE = Automatic;
				DEVELOPMENT_TEAM = 7HYBU4PSVM;
				INFOPLIST_FILE = MelbourneCityGuideApp/Info.plist;
				LD_RUNPATH_SEARCH_PATHS = (
					"$(inherited)",
					"@executable_path/Frameworks",
				);
				PRODUCT_BUNDLE_IDENTIFIER = AIT6422.MelbourneCityGuideApp;
				PRODUCT_NAME = "$(TARGET_NAME)";
				TARGETED_DEVICE_FAMILY = "1,2";
			};
			name = Release;
		};
		6A6C1938224C4A2F009F4F49 /* Debug */ = {
			isa = XCBuildConfiguration;
			buildSettings = {
				BUNDLE_LOADER = "$(TEST_HOST)";
				CODE_SIGN_STYLE = Automatic;
				DEVELOPMENT_TEAM = 7HYBU4PSVM;
				INFOPLIST_FILE = MelbourneCityGuideAppTests/Info.plist;
				LD_RUNPATH_SEARCH_PATHS = (
					"$(inherited)",
					"@executable_path/Frameworks",
					"@loader_path/Frameworks",
				);
				PRODUCT_BUNDLE_IDENTIFIER = AIT6422.MelbourneCityGuideAppTests;
				PRODUCT_NAME = "$(TARGET_NAME)";
				TARGETED_DEVICE_FAMILY = "1,2";
				TEST_HOST = "$(BUILT_PRODUCTS_DIR)/MelbourneCityGuideApp.app/MelbourneCityGuideApp";
			};
			name = Debug;
		};
		6A6C1939224C4A2F009F4F49 /* Release */ = {
			isa = XCBuildConfiguration;
			buildSettings = {
				BUNDLE_LOADER = "$(TEST_HOST)";
				CODE_SIGN_STYLE = Automatic;
				DEVELOPMENT_TEAM = 7HYBU4PSVM;
				INFOPLIST_FILE = MelbourneCityGuideAppTests/Info.plist;
				LD_RUNPATH_SEARCH_PATHS = (
					"$(inherited)",
					"@executable_path/Frameworks",
					"@loader_path/Frameworks",
				);
				PRODUCT_BUNDLE_IDENTIFIER = AIT6422.MelbourneCityGuideAppTests;
				PRODUCT_NAME = "$(TARGET_NAME)";
				TARGETED_DEVICE_FAMILY = "1,2";
				TEST_HOST = "$(BUILT_PRODUCTS_DIR)/MelbourneCityGuideApp.app/MelbourneCityGuideApp";
			};
			name = Release;
		};
		6A6C193B224C4A2F009F4F49 /* Debug */ = {
			isa = XCBuildConfiguration;
			buildSettings = {
				CODE_SIGN_STYLE = Automatic;
				DEVELOPMENT_TEAM = 7HYBU4PSVM;
				INFOPLIST_FILE = MelbourneCityGuideAppUITests/Info.plist;
				LD_RUNPATH_SEARCH_PATHS = (
					"$(inherited)",
					"@executable_path/Frameworks",
					"@loader_path/Frameworks",
				);
				PRODUCT_BUNDLE_IDENTIFIER = AIT6422.MelbourneCityGuideAppUITests;
				PRODUCT_NAME = "$(TARGET_NAME)";
				TARGETED_DEVICE_FAMILY = "1,2";
				TEST_TARGET_NAME = MelbourneCityGuideApp;
			};
			name = Debug;
		};
		6A6C193C224C4A2F009F4F49 /* Release */ = {
			isa = XCBuildConfiguration;
			buildSettings = {
				CODE_SIGN_STYLE = Automatic;
				DEVELOPMENT_TEAM = 7HYBU4PSVM;
				INFOPLIST_FILE = MelbourneCityGuideAppUITests/Info.plist;
				LD_RUNPATH_SEARCH_PATHS = (
					"$(inherited)",
					"@executable_path/Frameworks",
					"@loader_path/Frameworks",
				);
				PRODUCT_BUNDLE_IDENTIFIER = AIT6422.MelbourneCityGuideAppUITests;
				PRODUCT_NAME = "$(TARGET_NAME)";
				TARGETED_DEVICE_FAMILY = "1,2";
				TEST_TARGET_NAME = MelbourneCityGuideApp;
			};
			name = Release;
		};
/* End XCBuildConfiguration section */

/* Begin XCConfigurationList section */
		6A6C1903224C4A2C009F4F49 /* Build configuration list for PBXProject "MelbourneCityGuideApp" */ = {
			isa = XCConfigurationList;
			buildConfigurations = (
				6A6C1932224C4A2F009F4F49 /* Debug */,
				6A6C1933224C4A2F009F4F49 /* Release */,
			);
			defaultConfigurationIsVisible = 0;
			defaultConfigurationName = Release;
		};
		6A6C1934224C4A2F009F4F49 /* Build configuration list for PBXNativeTarget "MelbourneCityGuideApp" */ = {
			isa = XCConfigurationList;
			buildConfigurations = (
				6A6C1935224C4A2F009F4F49 /* Debug */,
				6A6C1936224C4A2F009F4F49 /* Release */,
			);
			defaultConfigurationIsVisible = 0;
			defaultConfigurationName = Release;
		};
		6A6C1937224C4A2F009F4F49 /* Build configuration list for PBXNativeTarget "MelbourneCityGuideAppTests" */ = {
			isa = XCConfigurationList;
			buildConfigurations = (
				6A6C1938224C4A2F009F4F49 /* Debug */,
				6A6C1939224C4A2F009F4F49 /* Release */,
			);
			defaultConfigurationIsVisible = 0;
			defaultConfigurationName = Release;
		};
		6A6C193A224C4A2F009F4F49 /* Build configuration list for PBXNativeTarget "MelbourneCityGuideAppUITests" */ = {
			isa = XCConfigurationList;
			buildConfigurations = (
				6A6C193B224C4A2F009F4F49 /* Debug */,
				6A6C193C224C4A2F009F4F49 /* Release */,
			);
			defaultConfigurationIsVisible = 0;
			defaultConfigurationName = Release;
		};
/* End XCConfigurationList section */
	};
	rootObject = 6A6C1900224C4A2C009F4F49 /* Project object */;
}
